# This file is automatically @generated by Poetry 1.7.1 and should not be changed by hand.

[[package]]
name = "altgraph"
version = "0.17.4"
description = "Python graph (network) package"
optional = false
python-versions = "*"
files = [
    {file = "altgraph-0.17.4-py2.py3-none-any.whl", hash = "sha256:642743b4750de17e655e6711601b077bc6598dbfa3ba5fa2b2a35ce12b508dff"},
    {file = "altgraph-0.17.4.tar.gz", hash = "sha256:1b5afbb98f6c4dcadb2e2ae6ab9fa994bbb8c1d75f4fa96d340f9437ae454406"},
]

[[package]]
name = "attrs"
version = "23.2.0"
description = "Classes Without Boilerplate"
optional = false
python-versions = ">=3.7"
files = [
    {file = "attrs-23.2.0-py3-none-any.whl", hash = "sha256:99b87a485a5820b23b879f04c2305b44b951b502fd64be915879d77a7e8fc6f1"},
    {file = "attrs-23.2.0.tar.gz", hash = "sha256:935dc3b529c262f6cf76e50877d35a4bd3c1de194fd41f47a2b7ae8f19971f30"},
]

[package.extras]
cov = ["attrs[tests]", "coverage[toml] (>=5.3)"]
dev = ["attrs[tests]", "pre-commit"]
docs = ["furo", "myst-parser", "sphinx", "sphinx-notfound-page", "sphinxcontrib-towncrier", "towncrier", "zope-interface"]
tests = ["attrs[tests-no-zope]", "zope-interface"]
tests-mypy = ["mypy (>=1.6)", "pytest-mypy-plugins"]
tests-no-zope = ["attrs[tests-mypy]", "cloudpickle", "hypothesis", "pympler", "pytest (>=4.3.0)", "pytest-xdist[psutil]"]

[[package]]
name = "cattrs"
version = "23.2.3"
description = "Composable complex class support for attrs and dataclasses."
optional = false
python-versions = ">=3.8"
files = [
    {file = "cattrs-23.2.3-py3-none-any.whl", hash = "sha256:0341994d94971052e9ee70662542699a3162ea1e0c62f7ce1b4a57f563685108"},
    {file = "cattrs-23.2.3.tar.gz", hash = "sha256:a934090d95abaa9e911dac357e3a8699e0b4b14f8529bcc7d2b1ad9d51672b9f"},
]

[package.dependencies]
attrs = ">=23.1.0"

[package.extras]
bson = ["pymongo (>=4.4.0)"]
cbor2 = ["cbor2 (>=5.4.6)"]
msgpack = ["msgpack (>=1.0.5)"]
orjson = ["orjson (>=3.9.2)"]
pyyaml = ["pyyaml (>=6.0)"]
tomlkit = ["tomlkit (>=0.11.8)"]
ujson = ["ujson (>=5.7.0)"]

[[package]]
name = "glcontext"
version = "2.5.0"
description = "Portable OpenGL Context"
optional = false
python-versions = "*"
files = [
    {file = "glcontext-2.5.0-cp310-cp310-macosx_10_9_x86_64.whl", hash = "sha256:3e0f3fbbe483f3e671ae04698a2d38234cb9a5682d2edd49d5bce08a32d48ff1"},
    {file = "glcontext-2.5.0-cp310-cp310-manylinux_2_5_i686.manylinux1_i686.manylinux_2_17_i686.manylinux2014_i686.whl", hash = "sha256:837ae9ed985dc8185b7f7ac62bc2727d58806f1eb125b3766f576a3957aa078b"},
    {file = "glcontext-2.5.0-cp310-cp310-manylinux_2_5_x86_64.manylinux1_x86_64.manylinux_2_17_x86_64.manylinux2014_x86_64.whl", hash = "sha256:5c056bfbc4af86337837fbea0899b1c439673b9e2bf9aaaf78862cb68ccaeb41"},
    {file = "glcontext-2.5.0-cp310-cp310-musllinux_1_1_i686.whl", hash = "sha256:198d6f80a271668995f595492b7cde0e7f354e927398d85c20976a7eaf18742b"},
    {file = "glcontext-2.5.0-cp310-cp310-musllinux_1_1_x86_64.whl", hash = "sha256:f435118eabef929e5281bf609eeaae343a0d3f7e34c2a4b0f026451f63a8baab"},
    {file = "glcontext-2.5.0-cp310-cp310-win32.whl", hash = "sha256:9ac01ea37deb27cc53a15eb9a8ec30389cd5421c668842e0197360a502448e11"},
    {file = "glcontext-2.5.0-cp310-cp310-win_amd64.whl", hash = "sha256:194b2657f46310cd86662d946d85162710b43e4abbef800c83a61f44b09352ad"},
    {file = "glcontext-2.5.0-cp311-cp311-macosx_10_9_x86_64.whl", hash = "sha256:798bc74604e306386f858be11aa1fe47c88296ac6fb9b5718a1c5a4cfb24416c"},
    {file = "glcontext-2.5.0-cp311-cp311-manylinux_2_5_i686.manylinux1_i686.manylinux_2_17_i686.manylinux2014_i686.whl", hash = "sha256:c36383ef0f21a179cfd7d6907eb04d7736b724a231a7199edec194528c986b0c"},
    {file = "glcontext-2.5.0-cp311-cp311-manylinux_2_5_x86_64.manylinux1_x86_64.manylinux_2_17_x86_64.manylinux2014_x86_64.whl", hash = "sha256:25da4a8a8707f88e66d1597c5f03be31b354b6d6186907ad06b4735f981aa25e"},
    {file = "glcontext-2.5.0-cp311-cp311-musllinux_1_1_i686.whl", hash = "sha256:6abae09cadd947c9b3e39c424517eb76e4d6caeca9415c44b290f3425ffb51da"},
    {file = "glcontext-2.5.0-cp311-cp311-musllinux_1_1_x86_64.whl", hash = "sha256:be62e4ce64c7f72730fccbb09efb37b3aad4e54b6f547b18161233c2a9bf9fc2"},
    {file = "glcontext-2.5.0-cp311-cp311-win32.whl", hash = "sha256:a4441744dadf811f923ab2aff52ba2dc175b6f99bcc208e362399461c96c085f"},
    {file = "glcontext-2.5.0-cp311-cp311-win_amd64.whl", hash = "sha256:7d50c62fae0af1b19daa95571d52a5c56f3f1537483f105b4d092be5eb160c9d"},
    {file = "glcontext-2.5.0-cp312-cp312-macosx_10_9_x86_64.whl", hash = "sha256:cc2a13791007d18b71fc9eccd3423be0a3d5c16b8d1ac4410767665a9824cc21"},
    {file = "glcontext-2.5.0-cp312-cp312-manylinux_2_5_i686.manylinux1_i686.manylinux_2_17_i686.manylinux2014_i686.whl", hash = "sha256:cbe2684a689cc77e659e90254dcd897af773ddda43308196c7db889d8558f9d1"},
    {file = "glcontext-2.5.0-cp312-cp312-manylinux_2_5_x86_64.manylinux1_x86_64.manylinux_2_17_x86_64.manylinux2014_x86_64.whl", hash = "sha256:bd0f159c01dfaab990fedb9672f4be040ae7fe066afb2ce7413c63afa9475f38"},
    {file = "glcontext-2.5.0-cp312-cp312-musllinux_1_1_i686.whl", hash = "sha256:7669583276cc2b4e38b1f62f5d10afdde518ffd5ff6ccfabf22157e081a0abe6"},
    {file = "glcontext-2.5.0-cp312-cp312-musllinux_1_1_x86_64.whl", hash = "sha256:74530549706fabbaecab437102c9d490adba8e27e4ca01bb9ce0050b0d558ff9"},
    {file = "glcontext-2.5.0-cp312-cp312-win32.whl", hash = "sha256:762ee1231f1c5896c527ce29c76921e4868a9f21b0f305b048516a479fe500bf"},
    {file = "glcontext-2.5.0-cp312-cp312-win_amd64.whl", hash = "sha256:942486de098c035dad9165e4cb6ad6342edb8c98b11ee5cdfe97088c7c6840aa"},
    {file = "glcontext-2.5.0-cp36-cp36m-macosx_10_9_x86_64.whl", hash = "sha256:9519f31c464cf1ab1232411e8700829d5bad1fb79470fde99d0aa25296cd4ec7"},
    {file = "glcontext-2.5.0-cp36-cp36m-manylinux_2_5_i686.manylinux1_i686.manylinux_2_17_i686.manylinux2014_i686.whl", hash = "sha256:fb33a0e3d2d7a1c3f51652489ed4d1ad16fa71ca1452bf4f983f14446d062592"},
    {file = "glcontext-2.5.0-cp36-cp36m-manylinux_2_5_x86_64.manylinux1_x86_64.manylinux_2_17_x86_64.manylinux2014_x86_64.whl", hash = "sha256:ab8dd3d2ea53ce6735dd9915d69572b7dd001f7fe2d35d362182e69b923193e4"},
    {file = "glcontext-2.5.0-cp36-cp36m-musllinux_1_1_i686.whl", hash = "sha256:ec64bc8a6cdfb51c91c601b0d82744bfa85637fe6259f3587f73d67b5d124937"},
    {file = "glcontext-2.5.0-cp36-cp36m-musllinux_1_1_x86_64.whl", hash = "sha256:0e9c890c0fee8ff5c5ec356b0382093e8519a8bdf99ba5ced9f2ac641a37d4ec"},
    {file = "glcontext-2.5.0-cp36-cp36m-win32.whl", hash = "sha256:41a3fa100962ac8733835dd15163e102d165bf65d9247b98e5bcbaa90e94666d"},
    {file = "glcontext-2.5.0-cp36-cp36m-win_amd64.whl", hash = "sha256:73828d76e764f9d22704dd0304f27ec6af18cb075de0df201a23f1456d2b502e"},
    {file = "glcontext-2.5.0-cp37-cp37m-macosx_10_9_x86_64.whl", hash = "sha256:f10a15975c1798bbe4f2d783e1b9c0e32f0dbdc7829a73dce21efb3ee1e24867"},
    {file = "glcontext-2.5.0-cp37-cp37m-manylinux_2_5_i686.manylinux1_i686.manylinux_2_17_i686.manylinux2014_i686.whl", hash = "sha256:23700a43c3ced889d8ac18cb7902a76096634761f87d8139ca956bcadc3feabd"},
    {file = "glcontext-2.5.0-cp37-cp37m-manylinux_2_5_x86_64.manylinux1_x86_64.manylinux_2_17_x86_64.manylinux2014_x86_64.whl", hash = "sha256:b95675cd7c16249fde2ea9690c8b2bd39a551b67e9929eeecfdbcbc82d9c6fc4"},
    {file = "glcontext-2.5.0-cp37-cp37m-musllinux_1_1_i686.whl", hash = "sha256:efc8a1ec7f6cdc205515e2e4e6ba0a02c2f7207a1340cce80960d63002785405"},
    {file = "glcontext-2.5.0-cp37-cp37m-musllinux_1_1_x86_64.whl", hash = "sha256:464f2296474ec07318466f2381748c8259c8a587c5fcd6485ad53bbe1702363b"},
    {file = "glcontext-2.5.0-cp37-cp37m-win32.whl", hash = "sha256:352cf17ade6ea429bd548384ea715024124bb83fdbf3ea06f69f53b6a9e3111f"},
    {file = "glcontext-2.5.0-cp37-cp37m-win_amd64.whl", hash = "sha256:9cacc6b068f74f789729dc0512611b6889a95cf6f2ff4c90aea1f741010e0d7a"},
    {file = "glcontext-2.5.0-cp38-cp38-macosx_10_9_x86_64.whl", hash = "sha256:1204fe22c96d9b36299fac20de7d9319e018e80770964e3d71375853d1b5373d"},
    {file = "glcontext-2.5.0-cp38-cp38-manylinux_2_5_i686.manylinux1_i686.manylinux_2_17_i686.manylinux2014_i686.whl", hash = "sha256:54e9f848ad21a471e970a0e1eedd3b85025821a0d3c4d63d09d2b97f1a7280b8"},
    {file = "glcontext-2.5.0-cp38-cp38-manylinux_2_5_x86_64.manylinux1_x86_64.manylinux_2_17_x86_64.manylinux2014_x86_64.whl", hash = "sha256:f3a8e3022da94316a4bb44e064d85e4b05c13f9eef6e68f6395644122a362ec0"},
    {file = "glcontext-2.5.0-cp38-cp38-musllinux_1_1_i686.whl", hash = "sha256:73c289fdfce7e8b736034f75e206be8bcc6144d132e910c816e33d2419b984b7"},
    {file = "glcontext-2.5.0-cp38-cp38-musllinux_1_1_x86_64.whl", hash = "sha256:47dc72cb63f35523f0fa6a27fcb819c3aa19e96c01a2ee8594132ffa834fab18"},
    {file = "glcontext-2.5.0-cp38-cp38-win32.whl", hash = "sha256:2f71d800e8d720fa52aeeebf22d066c17528d756234e586d48b8c82b2fd65372"},
    {file = "glcontext-2.5.0-cp38-cp38-win_amd64.whl", hash = "sha256:3ba303e28a54491cd49caa6f0626b3f1992160ca1d82c2347ce30c50a16ee9b6"},
    {file = "glcontext-2.5.0-cp39-cp39-macosx_10_9_x86_64.whl", hash = "sha256:bf968a827c04d5210afc2a84d825719fa3025fd9def4aea4820e75a607d09ccf"},
    {file = "glcontext-2.5.0-cp39-cp39-manylinux_2_5_i686.manylinux1_i686.manylinux_2_17_i686.manylinux2014_i686.whl", hash = "sha256:586778f6d476f34b8ddbb99d77b65cb7126cd3f501a2cb1e6e12f0bc997ca9b8"},
    {file = "glcontext-2.5.0-cp39-cp39-manylinux_2_5_x86_64.manylinux1_x86_64.manylinux_2_17_x86_64.manylinux2014_x86_64.whl", hash = "sha256:675091975c2bf8b59e9c41d1daa6684006162c3cf3d9e2a1acda31b35181d9d2"},
    {file = "glcontext-2.5.0-cp39-cp39-musllinux_1_1_i686.whl", hash = "sha256:cf928dfbed4fceb3a816452828e8745e46b8348869c0fdda312f6c73f0796906"},
    {file = "glcontext-2.5.0-cp39-cp39-musllinux_1_1_x86_64.whl", hash = "sha256:1aee2105c66d1a5470d2c2de7d80977c67ee2b2cf4db6fa2b3dcbd586b888b51"},
    {file = "glcontext-2.5.0-cp39-cp39-win32.whl", hash = "sha256:b1200d841b7a1ef1051fafe6aad6a472c784bc4fb906375160b0efa7d7acae71"},
    {file = "glcontext-2.5.0-cp39-cp39-win_amd64.whl", hash = "sha256:7a7962f89350966966a4a5628fd4861a81dc4f76014571567a54db4c1573e04d"},
    {file = "glcontext-2.5.0-pp310-pypy310_pp73-macosx_10_9_x86_64.whl", hash = "sha256:9eee5426fad207fb1c572ee7e4b8341ee8f6529189f06cbd32b132ee4de31a8e"},
    {file = "glcontext-2.5.0-pp310-pypy310_pp73-manylinux_2_5_i686.manylinux1_i686.manylinux_2_17_i686.manylinux2014_i686.whl", hash = "sha256:433e14a9c3d368c51940a480d4f548b671ad339d5efa0604bd0d5236fae4e564"},
    {file = "glcontext-2.5.0-pp310-pypy310_pp73-manylinux_2_5_x86_64.manylinux1_x86_64.manylinux_2_17_x86_64.manylinux2014_x86_64.whl", hash = "sha256:2342642732609c7cb3d681771e096fe769df58e49bdb3348bfc9f5732103c444"},
    {file = "glcontext-2.5.0-pp310-pypy310_pp73-win_amd64.whl", hash = "sha256:16057bf3736f38005a7f700188a50de597cd86650d6718a115bd835d69ba554b"},
    {file = "glcontext-2.5.0-pp37-pypy37_pp73-macosx_10_9_x86_64.whl", hash = "sha256:8ba64f9c14009132625b7b1f1b8545298c6ddd1d3abc78618b0f9553c219d053"},
    {file = "glcontext-2.5.0-pp37-pypy37_pp73-manylinux_2_5_i686.manylinux1_i686.manylinux_2_17_i686.manylinux2014_i686.whl", hash = "sha256:811276496f46f3f9b204e43a9d35c6213f1f0a8e58d8da203d477e21e8367fc0"},
    {file = "glcontext-2.5.0-pp37-pypy37_pp73-manylinux_2_5_x86_64.manylinux1_x86_64.manylinux_2_17_x86_64.manylinux2014_x86_64.whl", hash = "sha256:fe0be5cf5a9598379e994d7d96d84ce506e6a7680a098c1f1112de7aaa036ebd"},
    {file = "glcontext-2.5.0-pp37-pypy37_pp73-win_amd64.whl", hash = "sha256:1914d44374d7ee94df779681218639324ab79b3b8e27e8fb6154a8db55e3928e"},
    {file = "glcontext-2.5.0-pp38-pypy38_pp73-macosx_10_9_x86_64.whl", hash = "sha256:916fa56a544f57ff3d53cc60d3d1f0da66c67e6cf5092e3d7ef8bbaedd47a266"},
    {file = "glcontext-2.5.0-pp38-pypy38_pp73-manylinux_2_5_i686.manylinux1_i686.manylinux_2_17_i686.manylinux2014_i686.whl", hash = "sha256:1abdc499c59e4a1dd59e321151171ecb583f3fac07af428c47a8b8e3ce5ff5bf"},
    {file = "glcontext-2.5.0-pp38-pypy38_pp73-manylinux_2_5_x86_64.manylinux1_x86_64.manylinux_2_17_x86_64.manylinux2014_x86_64.whl", hash = "sha256:c73882865f3daf8a02fae1486c933146dc2f1bb8de3be26907b145523df4afc1"},
    {file = "glcontext-2.5.0-pp38-pypy38_pp73-win_amd64.whl", hash = "sha256:136ab0d4f966adc7a2f397e8f17debf3da18afb4b5b8684db59ea9c9452fe2f6"},
    {file = "glcontext-2.5.0-pp39-pypy39_pp73-macosx_10_9_x86_64.whl", hash = "sha256:95e6805475552254d9e1a65c2433c150e364da0081dcc6fa79d90bf74665384b"},
    {file = "glcontext-2.5.0-pp39-pypy39_pp73-manylinux_2_5_i686.manylinux1_i686.manylinux_2_17_i686.manylinux2014_i686.whl", hash = "sha256:60343a07fd30c024c6889687d10524c4b9f321c3991666e6c23eb0e695f60ae1"},
    {file = "glcontext-2.5.0-pp39-pypy39_pp73-manylinux_2_5_x86_64.manylinux1_x86_64.manylinux_2_17_x86_64.manylinux2014_x86_64.whl", hash = "sha256:0e7db3961200f3cf607ac68eb0df0640e5d538f1c029c6d9433722ee04f37960"},
    {file = "glcontext-2.5.0-pp39-pypy39_pp73-win_amd64.whl", hash = "sha256:7017ac46784adce071cdcda5e3ce07523bbc10186c0c9cc3120aba91f0633817"},
    {file = "glcontext-2.5.0.tar.gz", hash = "sha256:0f70d4be0cdd2b532a16da76c8f786b6367754a4086aaadffdbf3e37badbad02"},
]

[[package]]
name = "lsprotocol"
version = "2023.0.1"
description = "Python implementation of the Language Server Protocol."
optional = false
python-versions = ">=3.7"
files = [
    {file = "lsprotocol-2023.0.1-py3-none-any.whl", hash = "sha256:c75223c9e4af2f24272b14c6375787438279369236cd568f596d4951052a60f2"},
    {file = "lsprotocol-2023.0.1.tar.gz", hash = "sha256:cc5c15130d2403c18b734304339e51242d3018a05c4f7d0f198ad6e0cd21861d"},
]

[package.dependencies]
attrs = ">=21.3.0"
cattrs = "!=23.2.1"

[[package]]
name = "macholib"
version = "1.16.3"
description = "Mach-O header analysis and editing"
optional = false
python-versions = "*"
files = [
    {file = "macholib-1.16.3-py2.py3-none-any.whl", hash = "sha256:0e315d7583d38b8c77e815b1ecbdbf504a8258d8b3e17b61165c6feb60d18f2c"},
    {file = "macholib-1.16.3.tar.gz", hash = "sha256:07ae9e15e8e4cd9a788013d81f5908b3609aa76f9b1421bae9c4d7606ec86a30"},
]

[package.dependencies]
altgraph = ">=0.17"

[[package]]
name = "moderngl"
version = "5.10.0"
description = "ModernGL: High performance rendering for Python 3"
optional = false
python-versions = ">=3.7"
files = [
    {file = "moderngl-5.10.0-cp310-cp310-macosx_10_9_x86_64.whl", hash = "sha256:ec38a4883bbfa9a094b7fec8f37c5aed031df0e060ff5451842bd4db9e30f340"},
    {file = "moderngl-5.10.0-cp310-cp310-macosx_11_0_arm64.whl", hash = "sha256:461b4185b56fc318d42f965160809f08955b8e857545c99cfa89a6734044d256"},
    {file = "moderngl-5.10.0-cp310-cp310-manylinux_2_17_x86_64.manylinux2014_x86_64.whl", hash = "sha256:046a85cc3cffbdac5a45ed53c8f10c601e4737a172e3c1307a05b3693733d6e0"},
    {file = "moderngl-5.10.0-cp310-cp310-manylinux_2_5_i686.manylinux1_i686.manylinux_2_17_i686.manylinux2014_i686.whl", hash = "sha256:111dd17837ec3a62a38fb8fb78376a09dcb39910554ed0df45fbb3db84d1db4e"},
    {file = "moderngl-5.10.0-cp310-cp310-musllinux_1_1_i686.whl", hash = "sha256:72dc0169e3264391905cebd11ed379ba45724329cebc9cd32b2d928f3a33ed5a"},
    {file = "moderngl-5.10.0-cp310-cp310-musllinux_1_1_x86_64.whl", hash = "sha256:bf4814039f365c0ad9da00fb8fb884fdce0d4e63bb042a8c1c551bce13d0ff06"},
    {file = "moderngl-5.10.0-cp310-cp310-win32.whl", hash = "sha256:33b0bbd26319cdef724326997484768eb092f223245edc394541cafe59523568"},
    {file = "moderngl-5.10.0-cp310-cp310-win_amd64.whl", hash = "sha256:28c45e477cc2e47189bc6696b73777072d4c76ad59de4f8fd027ba5c6561b2c0"},
    {file = "moderngl-5.10.0-cp311-cp311-macosx_10_9_x86_64.whl", hash = "sha256:d31c49eb5ffeddb62d6d2b09737d7d7713faa8bc4eb293623cc625f0b4ed6020"},
    {file = "moderngl-5.10.0-cp311-cp311-macosx_11_0_arm64.whl", hash = "sha256:ded56b6a182b216bdd63d63b6d373c4f4a58f20816e71c53d555cde9fba366d6"},
    {file = "moderngl-5.10.0-cp311-cp311-manylinux_2_17_x86_64.manylinux2014_x86_64.whl", hash = "sha256:dd105d15c7b73ba972d0bbf962cd2bbb762b9937fdfdd658990c7c9d2805e183"},
    {file = "moderngl-5.10.0-cp311-cp311-manylinux_2_5_i686.manylinux1_i686.manylinux_2_17_i686.manylinux2014_i686.whl", hash = "sha256:a9e853e869c421632572a0fda929131f2c7a290ad50f45dcbcbcebca78b0d688"},
    {file = "moderngl-5.10.0-cp311-cp311-musllinux_1_1_i686.whl", hash = "sha256:61cd81ec6914745e416c2d9feec25541a9f800aeb387952ec73569ced3054ff9"},
    {file = "moderngl-5.10.0-cp311-cp311-musllinux_1_1_x86_64.whl", hash = "sha256:164d03e4a54d36cfa17165e1aa61f321068b84b5792e55490b447929bcdf973c"},
    {file = "moderngl-5.10.0-cp311-cp311-win32.whl", hash = "sha256:cd11dbe2b598ff4e43424120b6bf9f222a4be095be1d37b0ea43b208937a7e67"},
    {file = "moderngl-5.10.0-cp311-cp311-win_amd64.whl", hash = "sha256:996e2963df7b9d0d82cedc80e970f4cbf214cc98b09d14cc2681f2e786477367"},
    {file = "moderngl-5.10.0-cp312-cp312-macosx_10_9_x86_64.whl", hash = "sha256:1996348331a458d79e60efe6c21e9b1997f338913cd441a4b40635f8202ffed5"},
    {file = "moderngl-5.10.0-cp312-cp312-macosx_11_0_arm64.whl", hash = "sha256:c9d4c3199ec68ab6dfaa931c1f851897d00b7cfc8df20fcfdb5d36427ee74d19"},
    {file = "moderngl-5.10.0-cp312-cp312-manylinux_2_17_x86_64.manylinux2014_x86_64.whl", hash = "sha256:d37297241bd819f2e70747fdac3b8e8d12e1ace06078baea53164fa5b6f2c5a8"},
    {file = "moderngl-5.10.0-cp312-cp312-manylinux_2_5_i686.manylinux1_i686.manylinux_2_17_i686.manylinux2014_i686.whl", hash = "sha256:6421d352685fe3f54641efb03c7f10f1c8e9e99739ccb6f09cd7fded13cf6530"},
    {file = "moderngl-5.10.0-cp312-cp312-musllinux_1_1_i686.whl", hash = "sha256:249e9e2e82f8ef8f8167ddede17e19c9255d81b3327e3e875842fa4779b8bbc7"},
    {file = "moderngl-5.10.0-cp312-cp312-musllinux_1_1_x86_64.whl", hash = "sha256:51e7732ae0af7cb367db3f211808aeacde4d4d02da09a5e1413c7a505f44b63a"},
    {file = "moderngl-5.10.0-cp312-cp312-win32.whl", hash = "sha256:fbf3cf3034271d5cff7fe7002a05fd2b6277beee9daf9d47d7772e62daf29a8a"},
    {file = "moderngl-5.10.0-cp312-cp312-win_amd64.whl", hash = "sha256:e92ab93fb4d948879b8a0d2d2905493015f1f4ffb7b43aa3d9c9c88e26daa393"},
    {file = "moderngl-5.10.0-cp37-cp37m-macosx_10_9_x86_64.whl", hash = "sha256:ae28c3ca47724c023de886afc205cb73afdd5fb8593514bb58b6181504958580"},
    {file = "moderngl-5.10.0-cp37-cp37m-manylinux_2_17_x86_64.manylinux2014_x86_64.whl", hash = "sha256:17ea8080802252b0bed60bf0490321c8c6a0d4cfad4b0924e967a7c802c6396e"},
    {file = "moderngl-5.10.0-cp37-cp37m-manylinux_2_5_i686.manylinux1_i686.manylinux_2_17_i686.manylinux2014_i686.whl", hash = "sha256:160fcabf2a98057608fdde72105f23495d204dd643aab1083ed8f775fde70a25"},
    {file = "moderngl-5.10.0-cp37-cp37m-musllinux_1_1_i686.whl", hash = "sha256:64ede63c5b0eb598c8d4c4afc7bd1d257522f11d78765749c248f96a2994c3a4"},
    {file = "moderngl-5.10.0-cp37-cp37m-musllinux_1_1_x86_64.whl", hash = "sha256:3e4de1d3fffb39b6d790b3713602f05772976e2cb2c6ad4eb91dd0ce19689906"},
    {file = "moderngl-5.10.0-cp37-cp37m-win32.whl", hash = "sha256:79803b3e475b9b9eb87ebe02ccde9694b4a3aa0d988894a35e571b6c265199d6"},
    {file = "moderngl-5.10.0-cp37-cp37m-win_amd64.whl", hash = "sha256:d0b8df2d54cd81ff95a2281f88331fadce9a58b340bc03b74d178eca760805f4"},
    {file = "moderngl-5.10.0-cp38-cp38-macosx_10_9_x86_64.whl", hash = "sha256:d9db7aa884a561d912a0d545d38d0d2dfe587ed8230271fac3143af5141349fe"},
    {file = "moderngl-5.10.0-cp38-cp38-macosx_11_0_arm64.whl", hash = "sha256:81a287198055d2818571976e920b32975e13e1bcdbaf51ca2e13ef314b3479b2"},
    {file = "moderngl-5.10.0-cp38-cp38-manylinux_2_17_x86_64.manylinux2014_x86_64.whl", hash = "sha256:1d116513974c7f2177cab352678d8db1f3181385000bd10c6c2d8e3892c4a2c3"},
    {file = "moderngl-5.10.0-cp38-cp38-manylinux_2_5_i686.manylinux1_i686.manylinux_2_17_i686.manylinux2014_i686.whl", hash = "sha256:01a932fb195fd48a3a9e850397b6b952f48aa238f9da24073730f53c31773665"},
    {file = "moderngl-5.10.0-cp38-cp38-musllinux_1_1_i686.whl", hash = "sha256:6cdb4f9542536b1e23a30f5049eced10010568ff6762b381c5ee47f18d4885be"},
    {file = "moderngl-5.10.0-cp38-cp38-musllinux_1_1_x86_64.whl", hash = "sha256:3dc94d9ca08d712650ca465ca355bab49ad2a3a2ab4841f90f00cc575c09d760"},
    {file = "moderngl-5.10.0-cp38-cp38-win32.whl", hash = "sha256:5f00c5e8e94d4fc8e74bc0e91ce120e5b83c9d470d33db96f2ccd54d8ffd84bf"},
    {file = "moderngl-5.10.0-cp38-cp38-win_amd64.whl", hash = "sha256:90b29cf49cb9fb95176446489d9c448f9bf21d683d66b09f9f3fffcb1dbd7aed"},
    {file = "moderngl-5.10.0-cp39-cp39-macosx_10_9_x86_64.whl", hash = "sha256:e8a0957053488983e853e881e4d7b1bb5cec8208956dfbe9fb6e1454113d3921"},
    {file = "moderngl-5.10.0-cp39-cp39-macosx_11_0_arm64.whl", hash = "sha256:3c3600f33d453b77c3f577f46585807eab3a7c14d9b4555c6c553ee883794223"},
    {file = "moderngl-5.10.0-cp39-cp39-manylinux_2_17_x86_64.manylinux2014_x86_64.whl", hash = "sha256:a28a10cce3656768f1fb1f1a49a87b2b0803f30e775a9605ce2875f5ae3d740a"},
    {file = "moderngl-5.10.0-cp39-cp39-manylinux_2_5_i686.manylinux1_i686.manylinux_2_17_i686.manylinux2014_i686.whl", hash = "sha256:02828648a362ac6d399f4babeb156cf1ccdc94053c94c9d80cbf436365f15877"},
    {file = "moderngl-5.10.0-cp39-cp39-musllinux_1_1_i686.whl", hash = "sha256:5dd8802df9e33e035ff11428a0b813ce9d3ba7e6c852685b30dbe6d6ecf78219"},
    {file = "moderngl-5.10.0-cp39-cp39-musllinux_1_1_x86_64.whl", hash = "sha256:72e3e9a5d6fb7ae25d091603b3770e53c6f0f148a2ce82a6d7c0dcd50c03f221"},
    {file = "moderngl-5.10.0-cp39-cp39-win32.whl", hash = "sha256:6ab3d8848d926cb5768daef7b15b596f833f4a699ff9c87f92f264da9cfd5f8d"},
    {file = "moderngl-5.10.0-cp39-cp39-win_amd64.whl", hash = "sha256:3fd5e3ff2eda7d8152e2191d281ed9744708789049c9feaf32e3f8480ad36ac6"},
    {file = "moderngl-5.10.0-pp310-pypy310_pp73-macosx_10_9_x86_64.whl", hash = "sha256:d40c48e3d4af310807d10be4952b67d390aef83d9c1188a4562724b137381cd8"},
    {file = "moderngl-5.10.0-pp310-pypy310_pp73-manylinux_2_17_x86_64.manylinux2014_x86_64.whl", hash = "sha256:d4e02ba34dee05bce0c6f13eff2b705f12d8b869156d16ac39146616b7b8fd75"},
    {file = "moderngl-5.10.0-pp310-pypy310_pp73-manylinux_2_5_i686.manylinux1_i686.manylinux_2_17_i686.manylinux2014_i686.whl", hash = "sha256:48a71dcaa94b2d9d89cff53d76b7b7ba8b98b9c98983851968710d143c29260b"},
    {file = "moderngl-5.10.0-pp310-pypy310_pp73-win_amd64.whl", hash = "sha256:6933e00279414ea82487262b1418843c813770d34f3b49ffa491a489629d83a8"},
    {file = "moderngl-5.10.0-pp37-pypy37_pp73-macosx_10_9_x86_64.whl", hash = "sha256:8d2b579e151a68e96f46962c85dcb0ef87c1eef78f9997a1eb38c93a05d78105"},
    {file = "moderngl-5.10.0-pp37-pypy37_pp73-manylinux_2_17_x86_64.manylinux2014_x86_64.whl", hash = "sha256:b8762385bc961c3e8c4d62ee3d565b70699df69674613c8815cc6a72260a455b"},
    {file = "moderngl-5.10.0-pp37-pypy37_pp73-manylinux_2_5_i686.manylinux1_i686.manylinux_2_17_i686.manylinux2014_i686.whl", hash = "sha256:e3b2d4d631b0119790d3fc56a9dd6047aa5bc302b5851c0cec5e7504e6ebf5fc"},
    {file = "moderngl-5.10.0-pp37-pypy37_pp73-win_amd64.whl", hash = "sha256:319e8a5baf1fc681b541666bbbb3eb3df0bd127be96ffd751bc995cef7c1ffe3"},
    {file = "moderngl-5.10.0-pp38-pypy38_pp73-macosx_10_9_x86_64.whl", hash = "sha256:744a4c1c6c5cd959046f000b1d0af2ec5f8e75df115b91a1e4aa07a67f531520"},
    {file = "moderngl-5.10.0-pp38-pypy38_pp73-manylinux_2_17_x86_64.manylinux2014_x86_64.whl", hash = "sha256:cdf92d9645f390ac3caa2d21388c04952b6df64694199bfdfcb1bad512c530bb"},
    {file = "moderngl-5.10.0-pp38-pypy38_pp73-manylinux_2_5_i686.manylinux1_i686.manylinux_2_17_i686.manylinux2014_i686.whl", hash = "sha256:70964094e98a7209a566c17264b70c9a075a11d7181d943742bfc86e2baa334d"},
    {file = "moderngl-5.10.0-pp38-pypy38_pp73-win_amd64.whl", hash = "sha256:ed976286ff722d4de657dcad0bc14a89a07671ef1ba797b89592e733956600a3"},
    {file = "moderngl-5.10.0-pp39-pypy39_pp73-macosx_10_9_x86_64.whl", hash = "sha256:ea8bac3464cfe63f910b76cc55f2f11194fe2325fed43edb63bed33b4aee1756"},
    {file = "moderngl-5.10.0-pp39-pypy39_pp73-manylinux_2_17_x86_64.manylinux2014_x86_64.whl", hash = "sha256:7e5e88ed0192f15600cc810726a47508a5cc97f3ddfc33aa381c8d9f2d58d54a"},
    {file = "moderngl-5.10.0-pp39-pypy39_pp73-manylinux_2_5_i686.manylinux1_i686.manylinux_2_17_i686.manylinux2014_i686.whl", hash = "sha256:ee4777d2630b575ab5a5dd109b3ab24312e9ea793b8d5a3453f23f16a92a1851"},
    {file = "moderngl-5.10.0-pp39-pypy39_pp73-win_amd64.whl", hash = "sha256:6ce7020588529aba4ea8b55c0861e93f997b4a2cf310eef990942cc5fa1ec8fa"},
    {file = "moderngl-5.10.0.tar.gz", hash = "sha256:119c8d364dde3cd8d1c09f237ed4916617ba759954a1952df4694e51ee4f6511"},
]

[package.dependencies]
glcontext = ">=2.5.0,<3"

[[package]]
name = "numpy"
version = "1.26.4"
description = "Fundamental package for array computing in Python"
optional = false
python-versions = ">=3.9"
files = [
    {file = "numpy-1.26.4-cp310-cp310-macosx_10_9_x86_64.whl", hash = "sha256:9ff0f4f29c51e2803569d7a51c2304de5554655a60c5d776e35b4a41413830d0"},
    {file = "numpy-1.26.4-cp310-cp310-macosx_11_0_arm64.whl", hash = "sha256:2e4ee3380d6de9c9ec04745830fd9e2eccb3e6cf790d39d7b98ffd19b0dd754a"},
    {file = "numpy-1.26.4-cp310-cp310-manylinux_2_17_aarch64.manylinux2014_aarch64.whl", hash = "sha256:d209d8969599b27ad20994c8e41936ee0964e6da07478d6c35016bc386b66ad4"},
    {file = "numpy-1.26.4-cp310-cp310-manylinux_2_17_x86_64.manylinux2014_x86_64.whl", hash = "sha256:ffa75af20b44f8dba823498024771d5ac50620e6915abac414251bd971b4529f"},
    {file = "numpy-1.26.4-cp310-cp310-musllinux_1_1_aarch64.whl", hash = "sha256:62b8e4b1e28009ef2846b4c7852046736bab361f7aeadeb6a5b89ebec3c7055a"},
    {file = "numpy-1.26.4-cp310-cp310-musllinux_1_1_x86_64.whl", hash = "sha256:a4abb4f9001ad2858e7ac189089c42178fcce737e4169dc61321660f1a96c7d2"},
    {file = "numpy-1.26.4-cp310-cp310-win32.whl", hash = "sha256:bfe25acf8b437eb2a8b2d49d443800a5f18508cd811fea3181723922a8a82b07"},
    {file = "numpy-1.26.4-cp310-cp310-win_amd64.whl", hash = "sha256:b97fe8060236edf3662adfc2c633f56a08ae30560c56310562cb4f95500022d5"},
    {file = "numpy-1.26.4-cp311-cp311-macosx_10_9_x86_64.whl", hash = "sha256:4c66707fabe114439db9068ee468c26bbdf909cac0fb58686a42a24de1760c71"},
    {file = "numpy-1.26.4-cp311-cp311-macosx_11_0_arm64.whl", hash = "sha256:edd8b5fe47dab091176d21bb6de568acdd906d1887a4584a15a9a96a1dca06ef"},
    {file = "numpy-1.26.4-cp311-cp311-manylinux_2_17_aarch64.manylinux2014_aarch64.whl", hash = "sha256:7ab55401287bfec946ced39700c053796e7cc0e3acbef09993a9ad2adba6ca6e"},
    {file = "numpy-1.26.4-cp311-cp311-manylinux_2_17_x86_64.manylinux2014_x86_64.whl", hash = "sha256:666dbfb6ec68962c033a450943ded891bed2d54e6755e35e5835d63f4f6931d5"},
    {file = "numpy-1.26.4-cp311-cp311-musllinux_1_1_aarch64.whl", hash = "sha256:96ff0b2ad353d8f990b63294c8986f1ec3cb19d749234014f4e7eb0112ceba5a"},
    {file = "numpy-1.26.4-cp311-cp311-musllinux_1_1_x86_64.whl", hash = "sha256:60dedbb91afcbfdc9bc0b1f3f402804070deed7392c23eb7a7f07fa857868e8a"},
    {file = "numpy-1.26.4-cp311-cp311-win32.whl", hash = "sha256:1af303d6b2210eb850fcf03064d364652b7120803a0b872f5211f5234b399f20"},
    {file = "numpy-1.26.4-cp311-cp311-win_amd64.whl", hash = "sha256:cd25bcecc4974d09257ffcd1f098ee778f7834c3ad767fe5db785be9a4aa9cb2"},
    {file = "numpy-1.26.4-cp312-cp312-macosx_10_9_x86_64.whl", hash = "sha256:b3ce300f3644fb06443ee2222c2201dd3a89ea6040541412b8fa189341847218"},
    {file = "numpy-1.26.4-cp312-cp312-macosx_11_0_arm64.whl", hash = "sha256:03a8c78d01d9781b28a6989f6fa1bb2c4f2d51201cf99d3dd875df6fbd96b23b"},
    {file = "numpy-1.26.4-cp312-cp312-manylinux_2_17_aarch64.manylinux2014_aarch64.whl", hash = "sha256:9fad7dcb1aac3c7f0584a5a8133e3a43eeb2fe127f47e3632d43d677c66c102b"},
    {file = "numpy-1.26.4-cp312-cp312-manylinux_2_17_x86_64.manylinux2014_x86_64.whl", hash = "sha256:675d61ffbfa78604709862923189bad94014bef562cc35cf61d3a07bba02a7ed"},
    {file = "numpy-1.26.4-cp312-cp312-musllinux_1_1_aarch64.whl", hash = "sha256:ab47dbe5cc8210f55aa58e4805fe224dac469cde56b9f731a4c098b91917159a"},
    {file = "numpy-1.26.4-cp312-cp312-musllinux_1_1_x86_64.whl", hash = "sha256:1dda2e7b4ec9dd512f84935c5f126c8bd8b9f2fc001e9f54af255e8c5f16b0e0"},
    {file = "numpy-1.26.4-cp312-cp312-win32.whl", hash = "sha256:50193e430acfc1346175fcbdaa28ffec49947a06918b7b92130744e81e640110"},
    {file = "numpy-1.26.4-cp312-cp312-win_amd64.whl", hash = "sha256:08beddf13648eb95f8d867350f6a018a4be2e5ad54c8d8caed89ebca558b2818"},
    {file = "numpy-1.26.4-cp39-cp39-macosx_10_9_x86_64.whl", hash = "sha256:7349ab0fa0c429c82442a27a9673fc802ffdb7c7775fad780226cb234965e53c"},
    {file = "numpy-1.26.4-cp39-cp39-macosx_11_0_arm64.whl", hash = "sha256:52b8b60467cd7dd1e9ed082188b4e6bb35aa5cdd01777621a1658910745b90be"},
    {file = "numpy-1.26.4-cp39-cp39-manylinux_2_17_aarch64.manylinux2014_aarch64.whl", hash = "sha256:d5241e0a80d808d70546c697135da2c613f30e28251ff8307eb72ba696945764"},
    {file = "numpy-1.26.4-cp39-cp39-manylinux_2_17_x86_64.manylinux2014_x86_64.whl", hash = "sha256:f870204a840a60da0b12273ef34f7051e98c3b5961b61b0c2c1be6dfd64fbcd3"},
    {file = "numpy-1.26.4-cp39-cp39-musllinux_1_1_aarch64.whl", hash = "sha256:679b0076f67ecc0138fd2ede3a8fd196dddc2ad3254069bcb9faf9a79b1cebcd"},
    {file = "numpy-1.26.4-cp39-cp39-musllinux_1_1_x86_64.whl", hash = "sha256:47711010ad8555514b434df65f7d7b076bb8261df1ca9bb78f53d3b2db02e95c"},
    {file = "numpy-1.26.4-cp39-cp39-win32.whl", hash = "sha256:a354325ee03388678242a4d7ebcd08b5c727033fcff3b2f536aea978e15ee9e6"},
    {file = "numpy-1.26.4-cp39-cp39-win_amd64.whl", hash = "sha256:3373d5d70a5fe74a2c1bb6d2cfd9609ecf686d47a2d7b1d37a8f3b6bf6003aea"},
    {file = "numpy-1.26.4-pp39-pypy39_pp73-macosx_10_9_x86_64.whl", hash = "sha256:afedb719a9dcfc7eaf2287b839d8198e06dcd4cb5d276a3df279231138e83d30"},
    {file = "numpy-1.26.4-pp39-pypy39_pp73-manylinux_2_17_x86_64.manylinux2014_x86_64.whl", hash = "sha256:95a7476c59002f2f6c590b9b7b998306fba6a5aa646b1e22ddfeaf8f78c3a29c"},
    {file = "numpy-1.26.4-pp39-pypy39_pp73-win_amd64.whl", hash = "sha256:7e50d0a0cc3189f9cb0aeb3a6a6af18c16f59f004b866cd2be1c14b36134a4a0"},
    {file = "numpy-1.26.4.tar.gz", hash = "sha256:2a02aba9ed12e4ac4eb3ea9421c420301a0c6460d9830d74a9df87efa4912010"},
]

[[package]]
name = "packaging"
version = "24.0"
description = "Core utilities for Python packages"
optional = false
python-versions = ">=3.7"
files = [
    {file = "packaging-24.0-py3-none-any.whl", hash = "sha256:2ddfb553fdf02fb784c234c7ba6ccc288296ceabec964ad2eae3777778130bc5"},
    {file = "packaging-24.0.tar.gz", hash = "sha256:eb82c5e3e56209074766e6885bb04b8c38a0c015d0a30036ebe7ece34c9989e9"},
]

[[package]]
name = "pefile"
version = "2023.2.7"
description = "Python PE parsing module"
optional = false
python-versions = ">=3.6.0"
files = [
    {file = "pefile-2023.2.7-py3-none-any.whl", hash = "sha256:da185cd2af68c08a6cd4481f7325ed600a88f6a813bad9dea07ab3ef73d8d8d6"},
    {file = "pefile-2023.2.7.tar.gz", hash = "sha256:82e6114004b3d6911c77c3953e3838654b04511b8b66e8583db70c65998017dc"},
]

[[package]]
name = "pygame-ce"
version = "2.4.1"
description = "Python Game Development"
optional = false
python-versions = ">=3.8"
files = [
    {file = "pygame-ce-2.4.1.tar.gz", hash = "sha256:70a84aa1417c633a0fd6754ffa5dc92ee1b9aeb70baaa52c8c8c94a7c6db9cf0"},
    {file = "pygame_ce-2.4.1-cp310-cp310-macosx_10_11_x86_64.whl", hash = "sha256:d1a932298657ea63fedba0c5fdff018ff5c7a92718df58102de23f0646f1720a"},
    {file = "pygame_ce-2.4.1-cp310-cp310-macosx_11_0_arm64.whl", hash = "sha256:560e502bb53678bd323011b486ac140a31579e2c792b1c61fcd0a375eb3bb579"},
    {file = "pygame_ce-2.4.1-cp310-cp310-manylinux_2_17_aarch64.manylinux2014_aarch64.whl", hash = "sha256:ba19c6f260e3df61fdc4782755c0adac62290ba029207c2a214730cb865e0a1f"},
    {file = "pygame_ce-2.4.1-cp310-cp310-manylinux_2_17_i686.manylinux2014_i686.whl", hash = "sha256:0e11cdef4c3c76d84f2c2fab61cc05ad118e2161768ddc8ff2db6b971e60af12"},
    {file = "pygame_ce-2.4.1-cp310-cp310-manylinux_2_17_x86_64.manylinux2014_x86_64.whl", hash = "sha256:51dac117469b16cd97bcd74f5e16e085fa44c96346108ee8821843c02877818a"},
    {file = "pygame_ce-2.4.1-cp310-cp310-win32.whl", hash = "sha256:3d7abf5f174ab5bce2a94914506c80ce979722b7002e23c1b51ef11d1aa30409"},
    {file = "pygame_ce-2.4.1-cp310-cp310-win_amd64.whl", hash = "sha256:5b7b2b2f75b833912b620b04a2f1e17cd3a45414d4b8ebd2cdb67c74bdd9b734"},
    {file = "pygame_ce-2.4.1-cp311-cp311-macosx_10_11_x86_64.whl", hash = "sha256:9b48f93b2a7cbd4c7ffe949c39129f7ce07942a8de3371f6b56347361cf601b0"},
    {file = "pygame_ce-2.4.1-cp311-cp311-macosx_11_0_arm64.whl", hash = "sha256:5b1b354de323b516af2660f14f2efe24ad3a818d859cfb99fbfcedda01518bcc"},
    {file = "pygame_ce-2.4.1-cp311-cp311-manylinux_2_17_aarch64.manylinux2014_aarch64.whl", hash = "sha256:4404b63202fc6328fd80cc2ee335e0e22c36f012a33733ad61e1c41de15182d9"},
    {file = "pygame_ce-2.4.1-cp311-cp311-manylinux_2_17_i686.manylinux2014_i686.whl", hash = "sha256:9cd31f46391262e0c31068e9957b8a6d569119eedb9a2452720dd4736735369f"},
    {file = "pygame_ce-2.4.1-cp311-cp311-manylinux_2_17_x86_64.manylinux2014_x86_64.whl", hash = "sha256:2156c7c4a06a27c5372b72d63e9d32bbedf9dc0ce22d72f06eea00246c2d73b6"},
    {file = "pygame_ce-2.4.1-cp311-cp311-win32.whl", hash = "sha256:d6f832b6b352e1fd6fc67074a00a2b082c18e6e6bc4190e827dabe9605fba5c1"},
    {file = "pygame_ce-2.4.1-cp311-cp311-win_amd64.whl", hash = "sha256:60f4ff63be4fa3b5a20f014988a5bb588be176acc774ca079c5494f500b53295"},
    {file = "pygame_ce-2.4.1-cp312-cp312-macosx_10_11_x86_64.whl", hash = "sha256:a197952d4446b9cffcfc3c0b3ae396a36279925ad3ba920f85327e87c903608d"},
    {file = "pygame_ce-2.4.1-cp312-cp312-macosx_11_0_arm64.whl", hash = "sha256:6fca3cf129daf8a75a1fac441756600addfd2f47fcfbb24cc744c6824cec9076"},
    {file = "pygame_ce-2.4.1-cp312-cp312-manylinux_2_17_aarch64.manylinux2014_aarch64.whl", hash = "sha256:3495d07eb78f4a4e7dc46b0a6fc1d9fbbaaa0205cbcfaf19108409fbf837018b"},
    {file = "pygame_ce-2.4.1-cp312-cp312-manylinux_2_17_i686.manylinux2014_i686.whl", hash = "sha256:bb34ecc0989e2852c14746828c6c696263b60e4bf67f18987dde9df3e1de09dc"},
    {file = "pygame_ce-2.4.1-cp312-cp312-manylinux_2_17_x86_64.manylinux2014_x86_64.whl", hash = "sha256:a1635743e0daa9a09992339b25f09c802c45e1ec93c8e600c5d3bd2639ad5d97"},
    {file = "pygame_ce-2.4.1-cp312-cp312-win32.whl", hash = "sha256:50f315e3002373650d4ca4d8e4bdc34fdfd5d2c1b7e1bbf36a7dc78db68de7e5"},
    {file = "pygame_ce-2.4.1-cp312-cp312-win_amd64.whl", hash = "sha256:42a324f14e4f8485ec180cd7bc912caf48d580599c58d6caa1d83b5e5ed251c7"},
    {file = "pygame_ce-2.4.1-cp38-cp38-macosx_10_11_x86_64.whl", hash = "sha256:e37db7e8555a845fdf2ad2bf91ef7ba3af363d79f7f7a706139fe340860319cc"},
    {file = "pygame_ce-2.4.1-cp38-cp38-macosx_11_0_arm64.whl", hash = "sha256:6bb68112dcb5cadc82d8166d08cca7ebf6d512d59f0d30c972f302de4dfd2106"},
    {file = "pygame_ce-2.4.1-cp38-cp38-manylinux_2_17_aarch64.manylinux2014_aarch64.whl", hash = "sha256:4086732bc167a515d76d54caf79b0cbee36dac7f01547f5743b5b677a82bd315"},
    {file = "pygame_ce-2.4.1-cp38-cp38-manylinux_2_17_i686.manylinux2014_i686.whl", hash = "sha256:51cba484d7a94e2ceb5360eef0157778ddcb34afbf8ffb7045e9f57edb8ad105"},
    {file = "pygame_ce-2.4.1-cp38-cp38-manylinux_2_17_x86_64.manylinux2014_x86_64.whl", hash = "sha256:50fd863edd88a635e1098acd082e9e6c02c7fd40725cc4da1bfa67696ea8e126"},
    {file = "pygame_ce-2.4.1-cp38-cp38-win32.whl", hash = "sha256:928a91744a30b24a8c553ae4809b76e738ff910e65866be42ab9c89909743077"},
    {file = "pygame_ce-2.4.1-cp38-cp38-win_amd64.whl", hash = "sha256:0ead167d28712716bbac2a26b851b0e9657f5ab2edb163f3d24b1d32de46efe3"},
    {file = "pygame_ce-2.4.1-cp39-cp39-macosx_10_11_x86_64.whl", hash = "sha256:b6b9aafa538b7102b290fd533caf84f869f747a187bf9e68010e12a40dedfb9e"},
    {file = "pygame_ce-2.4.1-cp39-cp39-macosx_11_0_arm64.whl", hash = "sha256:be5fea1b601f7f4834d53b3dc178e8a96a5c1dcfbcd13aba9e94681c98ab146e"},
    {file = "pygame_ce-2.4.1-cp39-cp39-manylinux_2_17_aarch64.manylinux2014_aarch64.whl", hash = "sha256:7abef7fc4b49bced79a0e180e76e941b5507b9ff8901167d1fe6d6e18bf24f79"},
    {file = "pygame_ce-2.4.1-cp39-cp39-manylinux_2_17_i686.manylinux2014_i686.whl", hash = "sha256:5c3d786b165975fa18b74e6addff70c3c3fed2df3c7d26c82337eb24a60920c0"},
    {file = "pygame_ce-2.4.1-cp39-cp39-manylinux_2_17_x86_64.manylinux2014_x86_64.whl", hash = "sha256:54f4b4936fb204f7fe9effe1ced306da6d06ccd7482224ea75eb09c594a27e24"},
    {file = "pygame_ce-2.4.1-cp39-cp39-win32.whl", hash = "sha256:2f69b98d203a44e3ba1fe0e8e71dcac3b230a345d59980e927639f58e68c97d6"},
    {file = "pygame_ce-2.4.1-cp39-cp39-win_amd64.whl", hash = "sha256:8bf8c85edb6f9dcd97737ddcb61eb5cee5541ef5007955c6c7417af0159a5a31"},
    {file = "pygame_ce-2.4.1-pp310-pypy310_pp73-macosx_10_11_x86_64.whl", hash = "sha256:9695cd834b962faf654edcb81a7a69768b0409c341aa63cb5443da98fef69c68"},
    {file = "pygame_ce-2.4.1-pp310-pypy310_pp73-manylinux_2_17_aarch64.manylinux2014_aarch64.whl", hash = "sha256:6529ce436de8b420797ec05a963d6ecfd2be6b33c8d251b9abebfdef5bfa1a6f"},
    {file = "pygame_ce-2.4.1-pp310-pypy310_pp73-manylinux_2_17_i686.manylinux2014_i686.whl", hash = "sha256:2626966acea89c15bcd09f19589e104cda04692ff9dcccf3e97999e17f7b318f"},
    {file = "pygame_ce-2.4.1-pp310-pypy310_pp73-manylinux_2_17_x86_64.manylinux2014_x86_64.whl", hash = "sha256:752103605b9b6485373c234488abb05f50929d915799784a62dd1782ae17e489"},
    {file = "pygame_ce-2.4.1-pp310-pypy310_pp73-win_amd64.whl", hash = "sha256:a67cde0186b415fe2d5815f1d2d4afd7bed261465eaba00f075e5f549b975761"},
    {file = "pygame_ce-2.4.1-pp38-pypy38_pp73-macosx_10_11_x86_64.whl", hash = "sha256:9d304812feaad6345ddcf0c86f448a97e6dc6337e45b7d55b1a3308f55d728e7"},
    {file = "pygame_ce-2.4.1-pp38-pypy38_pp73-manylinux_2_17_aarch64.manylinux2014_aarch64.whl", hash = "sha256:7e8acddf0c42163ec6fa3e24d65c179ca840bc304b826882ec17849ced49e649"},
    {file = "pygame_ce-2.4.1-pp38-pypy38_pp73-manylinux_2_17_i686.manylinux2014_i686.whl", hash = "sha256:28d5d812344e9151d05b4cf2714cc04d6fcb28cf8fe4c682c207c7483634a428"},
    {file = "pygame_ce-2.4.1-pp38-pypy38_pp73-manylinux_2_17_x86_64.manylinux2014_x86_64.whl", hash = "sha256:c5402524398219a88c73eab0584e880e8c1e029ecbdb4e94bc2bde566b6ec69e"},
    {file = "pygame_ce-2.4.1-pp38-pypy38_pp73-win_amd64.whl", hash = "sha256:3897ae41dd59a59c4d690c81c53c076a3ea022176684d1869fb46ba98b06ebb2"},
    {file = "pygame_ce-2.4.1-pp39-pypy39_pp73-macosx_10_11_x86_64.whl", hash = "sha256:2beedd02a1a6b25bf7a145def1164e160001ef34556edfec9968bbcb8ad05cc3"},
    {file = "pygame_ce-2.4.1-pp39-pypy39_pp73-manylinux_2_17_aarch64.manylinux2014_aarch64.whl", hash = "sha256:32c7d1bc60d9375188f6586b0e30a66db07443739f1c119e7cc2bc7c8ad898f4"},
    {file = "pygame_ce-2.4.1-pp39-pypy39_pp73-manylinux_2_17_i686.manylinux2014_i686.whl", hash = "sha256:1598a8e43e39b775066265696bf8e7e55b3e5205670f167295702ee661547db2"},
    {file = "pygame_ce-2.4.1-pp39-pypy39_pp73-manylinux_2_17_x86_64.manylinux2014_x86_64.whl", hash = "sha256:875c359b278b44905e7bde3bd9507ed0aa66e85efc7fce4df3e671b20af079b3"},
    {file = "pygame_ce-2.4.1-pp39-pypy39_pp73-win_amd64.whl", hash = "sha256:e67e3a749c581d198f3e512d8750671749e233cd8712d386086de04cebf556e3"},
]

[[package]]
name = "pygls"
version = "1.3.1"
description = "A pythonic generic language server (pronounced like 'pie glass')"
optional = false
python-versions = ">=3.8"
files = [
    {file = "pygls-1.3.1-py3-none-any.whl", hash = "sha256:6e00f11efc56321bdeb6eac04f6d86131f654c7d49124344a9ebb968da3dd91e"},
    {file = "pygls-1.3.1.tar.gz", hash = "sha256:140edceefa0da0e9b3c533547c892a42a7d2fd9217ae848c330c53d266a55018"},
]

[package.dependencies]
cattrs = ">=23.1.2"
lsprotocol = "2023.0.1"

[package.extras]
ws = ["websockets (>=11.0.3)"]

[[package]]
name = "pyinstaller"
version = "6.6.0"
description = "PyInstaller bundles a Python application and all its dependencies into a single package."
optional = false
python-versions = "<3.13,>=3.8"
files = [
    {file = "pyinstaller-6.6.0-py3-none-macosx_10_13_universal2.whl", hash = "sha256:d2705efe79f8749526f65c4bce70ae88eea8b6adfb051f123122e86542fe3802"},
    {file = "pyinstaller-6.6.0-py3-none-manylinux2014_aarch64.whl", hash = "sha256:2aa771693ee3e0a899be3e9d946a24eab9896a98d0d4035f05a22f1193004cfb"},
    {file = "pyinstaller-6.6.0-py3-none-manylinux2014_i686.whl", hash = "sha256:1fc15e8cebf76361568359a40926aa5746fc0a84ca365fb2ac6caeea014a2cd3"},
    {file = "pyinstaller-6.6.0-py3-none-manylinux2014_ppc64le.whl", hash = "sha256:7c4a55a5d872c118bc7a5e641c2df46ad18585c002d96adad129b4ee8c104463"},
    {file = "pyinstaller-6.6.0-py3-none-manylinux2014_s390x.whl", hash = "sha256:97197593344f11f3dd2bdadbab14c61fbc4cdf9cc692a89b047cb671764c1824"},
    {file = "pyinstaller-6.6.0-py3-none-manylinux2014_x86_64.whl", hash = "sha256:00d81ddeee97710245a7ed03b0f9d5a4daf6c3a07adf978487b10991e1e20470"},
    {file = "pyinstaller-6.6.0-py3-none-musllinux_1_1_aarch64.whl", hash = "sha256:b7cab21db6fcfbdab47ee960239d1b44cd95383a4463177bd592613941d67959"},
    {file = "pyinstaller-6.6.0-py3-none-musllinux_1_1_x86_64.whl", hash = "sha256:00996d2090734d9ae4a1e53ed40351b07d593c37118d3e0d435bbcfa8db9edee"},
    {file = "pyinstaller-6.6.0-py3-none-win32.whl", hash = "sha256:cfe3ed214601de0723cb660994b44934efacb77a1cf0e4cc5133da996bcf36ce"},
    {file = "pyinstaller-6.6.0-py3-none-win_amd64.whl", hash = "sha256:e2f55fbbdf8a99ea84b39bc5669a68624473c303486d7eb2cd9063b339f0aa28"},
    {file = "pyinstaller-6.6.0-py3-none-win_arm64.whl", hash = "sha256:abbd591967593dab264bcc3bcb2466c0a1582f19a112e37e916c4212069c7933"},
    {file = "pyinstaller-6.6.0.tar.gz", hash = "sha256:be6bc2c3073d3e84fb7148d3af33ce9b6a7f01cfb154e06314cd1d4c05798a32"},
]

[package.dependencies]
altgraph = "*"
macholib = {version = ">=1.8", markers = "sys_platform == \"darwin\""}
packaging = ">=22.0"
pefile = {version = ">=2022.5.30", markers = "sys_platform == \"win32\""}
pyinstaller-hooks-contrib = ">=2024.3"
pywin32-ctypes = {version = ">=0.2.1", markers = "sys_platform == \"win32\""}
setuptools = ">=42.0.0"

[package.extras]
completion = ["argcomplete"]
hook-testing = ["execnet (>=1.5.0)", "psutil", "pytest (>=2.7.3)"]

[[package]]
name = "pyinstaller-hooks-contrib"
version = "2024.6"
description = "Community maintained hooks for PyInstaller"
optional = false
python-versions = ">=3.7"
files = [
    {file = "pyinstaller_hooks_contrib-2024.6-py2.py3-none-any.whl", hash = "sha256:6cc88dad75261d9e1a7e0c6385139f35dcdbb16640c911a27f6078fe924a38cf"},
    {file = "pyinstaller_hooks_contrib-2024.6.tar.gz", hash = "sha256:3c188b3a79f5cd46d96520df3934642556a1b6ce8988ec5bbce820ada424bc2b"},
]

[package.dependencies]
packaging = ">=22.0"
setuptools = ">=42.0.0"

[[package]]
name = "pywin32-ctypes"
version = "0.2.2"
description = "A (partial) reimplementation of pywin32 using ctypes/cffi"
optional = false
python-versions = ">=3.6"
files = [
    {file = "pywin32-ctypes-0.2.2.tar.gz", hash = "sha256:3426e063bdd5fd4df74a14fa3cf80a0b42845a87e1d1e81f6549f9daec593a60"},
    {file = "pywin32_ctypes-0.2.2-py3-none-any.whl", hash = "sha256:bf490a1a709baf35d688fe0ecf980ed4de11d2b3e37b51e5442587a75d9957e7"},
]

[[package]]
name = "ruff"
version = "0.4.4"
description = "An extremely fast Python linter and code formatter, written in Rust."
optional = false
python-versions = ">=3.7"
files = [
    {file = "ruff-0.4.4-py3-none-macosx_10_12_x86_64.whl", hash = "sha256:29d44ef5bb6a08e235c8249294fa8d431adc1426bfda99ed493119e6f9ea1bf6"},
    {file = "ruff-0.4.4-py3-none-macosx_11_0_arm64.whl", hash = "sha256:c4efe62b5bbb24178c950732ddd40712b878a9b96b1d02b0ff0b08a090cbd891"},
    {file = "ruff-0.4.4-py3-none-manylinux_2_17_aarch64.manylinux2014_aarch64.whl", hash = "sha256:4c8e2f1e8fc12d07ab521a9005d68a969e167b589cbcaee354cb61e9d9de9c15"},
    {file = "ruff-0.4.4-py3-none-manylinux_2_17_armv7l.manylinux2014_armv7l.whl", hash = "sha256:60ed88b636a463214905c002fa3eaab19795679ed55529f91e488db3fe8976ab"},
    {file = "ruff-0.4.4-py3-none-manylinux_2_17_i686.manylinux2014_i686.whl", hash = "sha256:b90fc5e170fc71c712cc4d9ab0e24ea505c6a9e4ebf346787a67e691dfb72e85"},
    {file = "ruff-0.4.4-py3-none-manylinux_2_17_ppc64.manylinux2014_ppc64.whl", hash = "sha256:8e7e6ebc10ef16dcdc77fd5557ee60647512b400e4a60bdc4849468f076f6eef"},
    {file = "ruff-0.4.4-py3-none-manylinux_2_17_ppc64le.manylinux2014_ppc64le.whl", hash = "sha256:b9ddb2c494fb79fc208cd15ffe08f32b7682519e067413dbaf5f4b01a6087bcd"},
    {file = "ruff-0.4.4-py3-none-manylinux_2_17_s390x.manylinux2014_s390x.whl", hash = "sha256:c51c928a14f9f0a871082603e25a1588059b7e08a920f2f9fa7157b5bf08cfe9"},
    {file = "ruff-0.4.4-py3-none-manylinux_2_17_x86_64.manylinux2014_x86_64.whl", hash = "sha256:b5eb0a4bfd6400b7d07c09a7725e1a98c3b838be557fee229ac0f84d9aa49c36"},
    {file = "ruff-0.4.4-py3-none-musllinux_1_2_aarch64.whl", hash = "sha256:b1867ee9bf3acc21778dcb293db504692eda5f7a11a6e6cc40890182a9f9e595"},
    {file = "ruff-0.4.4-py3-none-musllinux_1_2_armv7l.whl", hash = "sha256:1aecced1269481ef2894cc495647392a34b0bf3e28ff53ed95a385b13aa45768"},
    {file = "ruff-0.4.4-py3-none-musllinux_1_2_i686.whl", hash = "sha256:9da73eb616b3241a307b837f32756dc20a0b07e2bcb694fec73699c93d04a69e"},
    {file = "ruff-0.4.4-py3-none-musllinux_1_2_x86_64.whl", hash = "sha256:958b4ea5589706a81065e2a776237de2ecc3e763342e5cc8e02a4a4d8a5e6f95"},
    {file = "ruff-0.4.4-py3-none-win32.whl", hash = "sha256:cb53473849f011bca6e754f2cdf47cafc9c4f4ff4570003a0dad0b9b6890e876"},
    {file = "ruff-0.4.4-py3-none-win_amd64.whl", hash = "sha256:424e5b72597482543b684c11def82669cc6b395aa8cc69acc1858b5ef3e5daae"},
    {file = "ruff-0.4.4-py3-none-win_arm64.whl", hash = "sha256:39df0537b47d3b597293edbb95baf54ff5b49589eb7ff41926d8243caa995ea6"},
    {file = "ruff-0.4.4.tar.gz", hash = "sha256:f87ea42d5cdebdc6a69761a9d0bc83ae9b3b30d0ad78952005ba6568d6c022af"},
]

[[package]]
name = "ruff-lsp"
version = "0.0.53"
description = "A Language Server Protocol implementation for Ruff."
optional = false
python-versions = ">=3.7"
files = [
    {file = "ruff_lsp-0.0.53-py3-none-any.whl", hash = "sha256:5ea39968510d046b3c62dc5a7e3b52e867c2de14af34a406883fe05d55bab2b0"},
    {file = "ruff_lsp-0.0.53.tar.gz", hash = "sha256:de38eccd06020350630ac3518fe04a9640c8f66908758d8a623b5ea021bf84b0"},
]

[package.dependencies]
lsprotocol = ">=2023.0.0"
packaging = ">=23.1"
pygls = ">=1.1.0"
ruff = ">=0.0.274"
typing-extensions = "*"

[package.extras]
dev = ["mypy (==1.4.1)", "pip-tools (>=6.13.0,<7.0.0)", "pytest (>=7.3.1,<8.0.0)", "pytest-asyncio (==0.21.1)", "python-lsp-jsonrpc (==1.0.0)"]

[[package]]
name = "setuptools"
version = "69.5.1"
description = "Easily download, build, install, upgrade, and uninstall Python packages"
optional = false
python-versions = ">=3.8"
files = [
    {file = "setuptools-69.5.1-py3-none-any.whl", hash = "sha256:c636ac361bc47580504644275c9ad802c50415c7522212252c033bd15f301f32"},
    {file = "setuptools-69.5.1.tar.gz", hash = "sha256:6c1fccdac05a97e598fb0ae3bbed5904ccb317337a51139dcd51453611bbb987"},
]

[package.extras]
docs = ["furo", "jaraco.packaging (>=9.3)", "jaraco.tidelift (>=1.4)", "pygments-github-lexers (==0.0.5)", "rst.linker (>=1.9)", "sphinx (>=3.5)", "sphinx-favicon", "sphinx-inline-tabs", "sphinx-lint", "sphinx-notfound-page (>=1,<2)", "sphinx-reredirects", "sphinxcontrib-towncrier"]
testing = ["build[virtualenv]", "filelock (>=3.4.0)", "importlib-metadata", "ini2toml[lite] (>=0.9)", "jaraco.develop (>=7.21)", "jaraco.envs (>=2.2)", "jaraco.path (>=3.2.0)", "mypy (==1.9)", "packaging (>=23.2)", "pip (>=19.1)", "pytest (>=6,!=8.1.1)", "pytest-checkdocs (>=2.4)", "pytest-cov", "pytest-enabler (>=2.2)", "pytest-home (>=0.5)", "pytest-mypy", "pytest-perf", "pytest-ruff (>=0.2.1)", "pytest-timeout", "pytest-xdist (>=3)", "tomli", "tomli-w (>=1.0.0)", "virtualenv (>=13.0.0)", "wheel"]
testing-integration = ["build[virtualenv] (>=1.0.3)", "filelock (>=3.4.0)", "jaraco.envs (>=2.2)", "jaraco.path (>=3.2.0)", "packaging (>=23.2)", "pytest", "pytest-enabler", "pytest-xdist", "tomli", "virtualenv (>=13.0.0)", "wheel"]

[[package]]
name = "typing-extensions"
version = "4.11.0"
description = "Backported and Experimental Type Hints for Python 3.8+"
optional = false
python-versions = ">=3.8"
files = [
    {file = "typing_extensions-4.11.0-py3-none-any.whl", hash = "sha256:c1f94d72897edaf4ce775bb7558d5b79d8126906a14ea5ed1635921406c0387a"},
    {file = "typing_extensions-4.11.0.tar.gz", hash = "sha256:83f085bd5ca59c80295fc2a82ab5dac679cbe02b9f33f7d83af68e241bea51b0"},
]

[metadata]
lock-version = "2.0"
python-versions = ">=3.12,<3.13"
content-hash = "bb2c1884bc0bf02fea9fedd46919d73f07927f0d32ef20501774749ec30480f6"
